{
  "nodes": {
    "flake-compat": {
      "flake": false,
      "locked": {
        "lastModified": 1761588595,
        "narHash": "sha256-XKUZz9zewJNUj46b4AJdiRZJAvSZ0Dqj2BNfXvFlJC4=",
        "owner": "edolstra",
        "repo": "flake-compat",
        "rev": "f387cd2afec9419c8ee37694406ca490c3f34ee5",
        "type": "github"
      },
      "original": {
        "owner": "edolstra",
        "repo": "flake-compat",
        "type": "github"
      }
    },
    "flake-parts": {
      "inputs": {
        "nixpkgs-lib": "nixpkgs-lib"
      },
      "locked": {
        "lastModified": 1763759067,
        "narHash": "sha256-LlLt2Jo/gMNYAwOgdRQBrsRoOz7BPRkzvNaI/fzXi2Q=",
        "owner": "hercules-ci",
        "repo": "flake-parts",
        "rev": "2cccadc7357c0ba201788ae99c4dfa90728ef5e0",
        "type": "github"
      },
      "original": {
        "owner": "hercules-ci",
        "repo": "flake-parts",
        "type": "github"
      }
    },
    "flake-parts_2": {
      "inputs": {
        "nixpkgs-lib": [
          "neovimOverlay",
          "nixpkgs"
        ]
      },
      "locked": {
        "lastModified": 1765835352,
        "narHash": "sha256-XswHlK/Qtjasvhd1nOa1e8MgZ8GS//jBoTqWtrS1Giw=",
        "owner": "hercules-ci",
        "repo": "flake-parts",
        "rev": "a34fae9c08a15ad73f295041fec82323541400a9",
        "type": "github"
      },
      "original": {
        "owner": "hercules-ci",
        "repo": "flake-parts",
        "type": "github"
      }
    },
    "flake-parts_3": {
      "inputs": {
        "nixpkgs-lib": "nixpkgs-lib_2"
      },
      "locked": {
        "lastModified": 1763759067,
        "narHash": "sha256-LlLt2Jo/gMNYAwOgdRQBrsRoOz7BPRkzvNaI/fzXi2Q=",
        "owner": "hercules-ci",
        "repo": "flake-parts",
        "rev": "2cccadc7357c0ba201788ae99c4dfa90728ef5e0",
        "type": "github"
      },
      "original": {
        "owner": "hercules-ci",
        "repo": "flake-parts",
        "type": "github"
      }
    },
    "flake-parts_4": {
      "inputs": {
        "nixpkgs-lib": [
          "rustacean",
          "neovim-nightly-overlay",
          "nixpkgs"
        ]
      },
      "locked": {
        "lastModified": 1763759067,
        "narHash": "sha256-LlLt2Jo/gMNYAwOgdRQBrsRoOz7BPRkzvNaI/fzXi2Q=",
        "owner": "hercules-ci",
        "repo": "flake-parts",
        "rev": "2cccadc7357c0ba201788ae99c4dfa90728ef5e0",
        "type": "github"
      },
      "original": {
        "owner": "hercules-ci",
        "repo": "flake-parts",
        "type": "github"
      }
    },
    "gen-luarc": {
      "inputs": {
        "flake-parts": [
          "rustacean",
          "flake-parts"
        ],
        "git-hooks": [
          "rustacean",
          "git-hooks"
        ],
        "luvit-meta": "luvit-meta",
        "nixpkgs": [
          "rustacean",
          "nixpkgs"
        ]
      },
      "locked": {
        "lastModified": 1755304025,
        "narHash": "sha256-xVKfjFwc0zMbLMjLTiHz+0llggkjs93SmHkhaa9S3M4=",
        "owner": "mrcjkb",
        "repo": "nix-gen-luarc-json",
        "rev": "1865b0ebb753ae5324d7381b1fa8c98c04ec7509",
        "type": "github"
      },
      "original": {
        "owner": "mrcjkb",
        "repo": "nix-gen-luarc-json",
        "type": "github"
      }
    },
    "git-hooks": {
      "inputs": {
        "flake-compat": "flake-compat",
        "gitignore": "gitignore",
        "nixpkgs": [
          "rustacean",
          "nixpkgs"
        ]
      },
      "locked": {
        "lastModified": 1763988335,
        "narHash": "sha256-QlcnByMc8KBjpU37rbq5iP7Cp97HvjRP0ucfdh+M4Qc=",
        "owner": "cachix",
        "repo": "git-hooks.nix",
        "rev": "50b9238891e388c9fdc6a5c49e49c42533a1b5ce",
        "type": "github"
      },
      "original": {
        "owner": "cachix",
        "repo": "git-hooks.nix",
        "type": "github"
      }
    },
    "gitignore": {
      "inputs": {
        "nixpkgs": [
          "rustacean",
          "git-hooks",
          "nixpkgs"
        ]
      },
      "locked": {
        "lastModified": 1709087332,
        "narHash": "sha256-HG2cCnktfHsKV0s4XW83gU3F57gaTljL9KNSuG6bnQs=",
        "owner": "hercules-ci",
        "repo": "gitignore.nix",
        "rev": "637db329424fd7e46cf4185293b9cc8c88c95394",
        "type": "github"
      },
      "original": {
        "owner": "hercules-ci",
        "repo": "gitignore.nix",
        "type": "github"
      }
    },
    "kulala": {
      "inputs": {
        "flake-parts": "flake-parts",
        "nixpkgs": "nixpkgs"
      },
      "locked": {
        "lastModified": 1766859336,
        "narHash": "sha256-fBRKTO9s8kvVnQUIYZfmy3xLXkR+NyScJWc8/iB7gjc=",
        "owner": "steven0351",
        "repo": "kulala.nvim",
        "rev": "ba67aeaeae6085dc96bcb9233ceb026e42fd2f27",
        "type": "github"
      },
      "original": {
        "owner": "steven0351",
        "repo": "kulala.nvim",
        "type": "github"
      }
    },
    "luvit-meta": {
      "flake": false,
      "locked": {
        "lastModified": 1705776742,
        "narHash": "sha256-zAAptV/oLuLAAsa2zSB/6fxlElk4+jNZd/cPr9oxFig=",
        "owner": "Bilal2453",
        "repo": "luvit-meta",
        "rev": "ce76f6f6cdc9201523a5875a4471dcfe0186eb60",
        "type": "github"
      },
      "original": {
        "owner": "Bilal2453",
        "repo": "luvit-meta",
        "type": "github"
      }
    },
    "neovim-nightly-overlay": {
      "inputs": {
        "flake-parts": "flake-parts_4",
        "neovim-src": "neovim-src_2",
        "nixpkgs": "nixpkgs_4"
      },
      "locked": {
        "lastModified": 1763942693,
        "narHash": "sha256-DvAkXPkSfgColZZ2sBbBl69CxzamyH7Hmi4qVUTP1OU=",
        "owner": "nix-community",
        "repo": "neovim-nightly-overlay",
        "rev": "da647c7ac355d4f8be218ff0466bee9b5c6680ed",
        "type": "github"
      },
      "original": {
        "owner": "nix-community",
        "repo": "neovim-nightly-overlay",
        "type": "github"
      }
    },
    "neovim-src": {
      "flake": false,
      "locked": {
        "lastModified": 1766742707,
        "narHash": "sha256-vWRPyUDlSiFucT3dwRuYm8AdZ75kzvQg+ymsiLapMwk=",
        "owner": "neovim",
        "repo": "neovim",
        "rev": "899ec829be85b52202f0ce32c455ae4f4d60b85b",
        "type": "github"
      },
      "original": {
        "owner": "neovim",
        "repo": "neovim",
        "type": "github"
      }
    },
    "neovim-src_2": {
      "flake": false,
      "locked": {
        "lastModified": 1763931717,
        "narHash": "sha256-juqY16KziaFTk4D0Vx06tUlYLiEc6vMlEtjDLIjGn0Q=",
        "owner": "neovim",
        "repo": "neovim",
        "rev": "a88c7962a82f1427aa90d1c0a08514423516f9f2",
        "type": "github"
      },
      "original": {
        "owner": "neovim",
        "repo": "neovim",
        "type": "github"
      }
    },
    "neovimOverlay": {
      "inputs": {
        "flake-parts": "flake-parts_2",
        "neovim-src": "neovim-src",
        "nixpkgs": "nixpkgs_2"
      },
      "locked": {
        "lastModified": 1766793883,
        "narHash": "sha256-k5pLDiwKWQfsSSwKs6UbIWiKWZo6xKNsTNPnuzHPeNo=",
        "owner": "nix-community",
        "repo": "neovim-nightly-overlay",
        "rev": "6c63748c49be61297332a11c984973194638d4fb",
        "type": "github"
      },
      "original": {
        "owner": "nix-community",
        "repo": "neovim-nightly-overlay",
        "type": "github"
      }
    },
    "nixCats": {
      "locked": {
        "lastModified": 1756502529,
        "narHash": "sha256-IPhN1a/DecHCJKugq51TnPqcMkwHU7qrQXagR2k1KwA=",
        "owner": "BirdeeHub",
        "repo": "nixCats-nvim",
        "rev": "b262211fc80bf5909f9b6642a7930fee907e3e8d",
        "type": "github"
      },
      "original": {
        "owner": "BirdeeHub",
        "repo": "nixCats-nvim",
        "type": "github"
      }
    },
    "nixpkgs": {
      "locked": {
        "lastModified": 1764667669,
        "narHash": "sha256-7WUCZfmqLAssbDqwg9cUDAXrSoXN79eEEq17qhTNM/Y=",
        "owner": "NixOS",
        "repo": "nixpkgs",
        "rev": "418468ac9527e799809c900eda37cbff999199b6",
        "type": "github"
      },
      "original": {
        "owner": "NixOS",
        "ref": "nixos-unstable",
        "repo": "nixpkgs",
        "type": "github"
      }
    },
    "nixpkgs-lib": {
      "locked": {
        "lastModified": 1761765539,
        "narHash": "sha256-b0yj6kfvO8ApcSE+QmA6mUfu8IYG6/uU28OFn4PaC8M=",
        "owner": "nix-community",
        "repo": "nixpkgs.lib",
        "rev": "719359f4562934ae99f5443f20aa06c2ffff91fc",
        "type": "github"
      },
      "original": {
        "owner": "nix-community",
        "repo": "nixpkgs.lib",
        "type": "github"
      }
    },
    "nixpkgs-lib_2": {
      "locked": {
        "lastModified": 1761765539,
        "narHash": "sha256-b0yj6kfvO8ApcSE+QmA6mUfu8IYG6/uU28OFn4PaC8M=",
        "owner": "nix-community",
        "repo": "nixpkgs.lib",
        "rev": "719359f4562934ae99f5443f20aa06c2ffff91fc",
        "type": "github"
      },
      "original": {
        "owner": "nix-community",
        "repo": "nixpkgs.lib",
        "type": "github"
      }
    },
    "nixpkgs_2": {
      "locked": {
        "lastModified": 1766747458,
        "narHash": "sha256-m63jjuo/ygo8ztkCziYh5OOIbTSXUDkKbqw3Vuqu4a4=",
        "owner": "NixOS",
        "repo": "nixpkgs",
        "rev": "c633f572eded8c4f3c75b8010129854ed404a6ce",
        "type": "github"
      },
      "original": {
        "owner": "NixOS",
        "ref": "nixpkgs-unstable",
        "repo": "nixpkgs",
        "type": "github"
      }
    },
    "nixpkgs_3": {
      "locked": {
        "lastModified": 1766840161,
        "narHash": "sha256-Ss/LHpJJsng8vz1Pe33RSGIWUOcqM1fjrehjUkdrWio=",
        "owner": "nixos",
        "repo": "nixpkgs",
        "rev": "3edc4a30ed3903fdf6f90c837f961fa6b49582d1",
        "type": "github"
      },
      "original": {
        "owner": "nixos",
        "ref": "nixpkgs-unstable",
        "repo": "nixpkgs",
        "type": "github"
      }
    },
    "nixpkgs_4": {
      "locked": {
        "lastModified": 1763806073,
        "narHash": "sha256-FHsEKDvfWpzdADWj99z7vBk4D716Ujdyveo5+A048aI=",
        "owner": "NixOS",
        "repo": "nixpkgs",
        "rev": "878e468e02bfabeda08c79250f7ad583037f2227",
        "type": "github"
      },
      "original": {
        "owner": "NixOS",
        "ref": "nixpkgs-unstable",
        "repo": "nixpkgs",
        "type": "github"
      }
    },
    "nixpkgs_5": {
      "locked": {
        "lastModified": 1763934636,
        "narHash": "sha256-9glbI7f1uU+yzQCq5LwLgdZqx6svOhZWkd4JRY265fc=",
        "owner": "nixos",
        "repo": "nixpkgs",
        "rev": "ee09932cedcef15aaf476f9343d1dea2cb77e261",
        "type": "github"
      },
      "original": {
        "owner": "nixos",
        "ref": "nixpkgs-unstable",
        "repo": "nixpkgs",
        "type": "github"
      }
    },
    "plugins-baconvim": {
      "flake": false,
      "locked": {
        "lastModified": 1737372028,
        "narHash": "sha256-foYDTaEvXxYgclSyXilxRVCTB7j5L7B+5ZRD2+HNoIM=",
        "owner": "Canop",
        "repo": "nvim-bacon",
        "rev": "c9cef8ac576800b6b813ad16be692d141262a4c3",
        "type": "github"
      },
      "original": {
        "owner": "Canop",
        "repo": "nvim-bacon",
        "type": "github"
      }
    },
    "plugins-blackmetal": {
      "flake": false,
      "locked": {
        "lastModified": 1755520422,
        "narHash": "sha256-sRbXxekmQuL412AJKrSkI1EdcuYQkKm1qfcIyMNhLBA=",
        "owner": "metalelf0",
        "repo": "black-metal-theme-neovim",
        "rev": "6d0207871387077f40d5396ab1ae90520e688d36",
        "type": "github"
      },
      "original": {
        "owner": "metalelf0",
        "repo": "black-metal-theme-neovim",
        "type": "github"
      }
    },
    "plugins-claudecode.nvim": {
      "flake": false,
      "locked": {
        "lastModified": 1764926017,
        "narHash": "sha256-PmSYIE7j9C2ckJc9wDIm4KCozXP0z1U9TOdItnDyoDQ=",
        "owner": "coder",
        "repo": "claudecode.nvim",
        "rev": "6091df0e8edcdc92526cec23bbb42f63c0bb5ff2",
        "type": "github"
      },
      "original": {
        "owner": "coder",
        "repo": "claudecode.nvim",
        "type": "github"
      }
    },
    "plugins-colorizer": {
      "flake": false,
      "locked": {
        "lastModified": 1762088486,
        "narHash": "sha256-1faAhmHrYhCyeVc4vRaRWC1OW38POjTEwORjtnRdoV4=",
        "owner": "catgoose",
        "repo": "nvim-colorizer.lua",
        "rev": "81e676d3203c9eb6e4c0ccf1eba1679296ef923f",
        "type": "github"
      },
      "original": {
        "owner": "catgoose",
        "repo": "nvim-colorizer.lua",
        "type": "github"
      }
    },
    "plugins-conifer": {
      "flake": false,
      "locked": {
        "lastModified": 1762968341,
        "narHash": "sha256-dzdHoI97CdYDT2JpEZkFF6ei6Bu0Kd6Z565+OtWwd0Y=",
        "owner": "lucasadelino",
        "repo": "conifer.nvim",
        "rev": "4603b65ec4975b0d311265bdcb44c1bb03007401",
        "type": "github"
      },
      "original": {
        "owner": "lucasadelino",
        "repo": "conifer.nvim",
        "type": "github"
      }
    },
    "plugins-fzf-lua": {
      "flake": false,
      "locked": {
        "lastModified": 1766413811,
        "narHash": "sha256-jPPLIvydAm6IYaXgrcfxdwfvkwtnNmohyALta7nDNEg=",
        "owner": "ibhagwan",
        "repo": "fzf-lua",
        "rev": "b1d2b0dc146cb9260209da4d7ab754adb0a2653d",
        "type": "github"
      },
      "original": {
        "owner": "ibhagwan",
        "repo": "fzf-lua",
        "type": "github"
      }
    },
    "plugins-fzf-lua-frecency": {
      "flake": false,
      "locked": {
        "lastModified": 1763964991,
        "narHash": "sha256-OjaMTAmfwXYIRVQm/NGUjgi5tKi5rbHTN+NUrbcor6c=",
        "owner": "elanmed",
        "repo": "fzf-lua-frecency.nvim",
        "rev": "4c37d8d967a51f718af5d9556b72f16c5185c05b",
        "type": "github"
      },
      "original": {
        "owner": "elanmed",
        "repo": "fzf-lua-frecency.nvim",
        "type": "github"
      }
    },
    "plugins-nvim-lspconfig": {
      "flake": false,
      "locked": {
        "lastModified": 1759548517,
        "narHash": "sha256-K56vjTUkQ/NdA6vq5942zUknPiCUbMByiEW540dR8R0=",
        "owner": "neovim",
        "repo": "nvim-lspconfig",
        "rev": "e688b486fe9291f151eae7e5c0b5a5c4ef980847",
        "type": "github"
      },
      "original": {
        "owner": "neovim",
        "repo": "nvim-lspconfig",
        "type": "github"
      }
    },
    "plugins-xcodebuild": {
      "flake": false,
      "locked": {
        "lastModified": 1756503214,
        "narHash": "sha256-cww3Pbw6pyJWhYdnAhiT7GG+O9O3VN0dTH2CtmlhZSs=",
        "owner": "wojciech-kulik",
        "repo": "xcodebuild.nvim",
        "rev": "a8b844187caacc7dfb78dd6a3ea99aed61e2f80f",
        "type": "github"
      },
      "original": {
        "owner": "wojciech-kulik",
        "repo": "xcodebuild.nvim",
        "type": "github"
      }
    },
    "root": {
      "inputs": {
        "kulala": "kulala",
        "neovimOverlay": "neovimOverlay",
        "nixCats": "nixCats",
        "nixpkgs": "nixpkgs_3",
        "plugins-baconvim": "plugins-baconvim",
        "plugins-blackmetal": "plugins-blackmetal",
        "plugins-claudecode.nvim": "plugins-claudecode.nvim",
        "plugins-colorizer": "plugins-colorizer",
        "plugins-conifer": "plugins-conifer",
        "plugins-fzf-lua": "plugins-fzf-lua",
        "plugins-fzf-lua-frecency": "plugins-fzf-lua-frecency",
        "plugins-nvim-lspconfig": "plugins-nvim-lspconfig",
        "plugins-xcodebuild": "plugins-xcodebuild",
        "rustacean": "rustacean"
      }
    },
    "rustacean": {
      "inputs": {
        "flake-parts": "flake-parts_3",
        "gen-luarc": "gen-luarc",
        "git-hooks": "git-hooks",
        "neovim-nightly-overlay": "neovim-nightly-overlay",
        "nixpkgs": "nixpkgs_5",
        "vimcats": "vimcats"
      },
      "locked": {
        "lastModified": 1764189512,
        "narHash": "sha256-ALH/SF2TCO7wPvuaEWCa4HzZg3x7NPsMG9nzMiJj33g=",
        "owner": "mrcjkb",
        "repo": "rustaceanvim",
        "rev": "37f362b3d554633d5c9d65268932c3ce5d3652fb",
        "type": "github"
      },
      "original": {
        "owner": "mrcjkb",
        "repo": "rustaceanvim",
        "type": "github"
      }
    },
    "vimcats": {
      "inputs": {
        "flake-parts": [
          "rustacean",
          "flake-parts"
        ],
        "git-hooks": [
          "rustacean",
          "git-hooks"
        ],
        "nixpkgs": [
          "rustacean",
          "nixpkgs"
        ]
      },
      "locked": {
        "lastModified": 1747309459,
        "narHash": "sha256-BW1pU7NnW8yWePV0IQOUmcNa13NvV9lOZhfnEdQFBQQ=",
        "owner": "mrcjkb",
        "repo": "vimcats",
        "rev": "60dfc68af5e30cf50475b0a2c64ee2bc8922a727",
        "type": "github"
      },
      "original": {
        "owner": "mrcjkb",
        "repo": "vimcats",
        "type": "github"
      }
    }
  },
  "root": "root",
  "version": 7
}
