{
  "nodes": {
    "nixCats": {
      "locked": {
        "lastModified": 1756502529,
        "narHash": "sha256-IPhN1a/DecHCJKugq51TnPqcMkwHU7qrQXagR2k1KwA=",
        "owner": "BirdeeHub",
        "repo": "nixCats-nvim",
        "rev": "b262211fc80bf5909f9b6642a7930fee907e3e8d",
        "type": "github"
      },
      "original": {
        "owner": "BirdeeHub",
        "repo": "nixCats-nvim",
        "type": "github"
      }
    },
    "nixpkgs": {
      "locked": {
        "lastModified": 1759632233,
        "narHash": "sha256-krgZxGAIIIKFJS+UB0l8do3sYUDWJc75M72tepmVMzE=",
        "owner": "nixos",
        "repo": "nixpkgs",
        "rev": "d7f52a7a640bc54c7bb414cca603835bf8dd4b10",
        "type": "github"
      },
      "original": {
        "owner": "nixos",
        "ref": "nixpkgs-unstable",
        "repo": "nixpkgs",
        "type": "github"
      }
    },
    "plugins-fzf-lua": {
      "flake": false,
      "locked": {
        "lastModified": 1756735343,
        "narHash": "sha256-BfdPVOmCcs49a2iM+dmcwoYUIgy/LUon1Fm1s8HB/6g=",
        "owner": "ibhagwan",
        "repo": "fzf-lua",
        "rev": "091bcd0c925199b1371ea81ec79278611d299627",
        "type": "github"
      },
      "original": {
        "owner": "ibhagwan",
        "repo": "fzf-lua",
        "type": "github"
      }
    },
    "plugins-fzf-lua-frecency": {
      "flake": false,
      "locked": {
        "lastModified": 1756076243,
        "narHash": "sha256-+PPkh6SqPn8XlO+bpmwRC/ZZcBNrs69YRqERyqO+72Y=",
        "owner": "elanmed",
        "repo": "fzf-lua-frecency.nvim",
        "rev": "9ee3d5f023c1a07bc595daf165e6b6be66509a8e",
        "type": "github"
      },
      "original": {
        "owner": "elanmed",
        "repo": "fzf-lua-frecency.nvim",
        "type": "github"
      }
    },
    "plugins-nvim-lspconfig": {
      "flake": false,
      "locked": {
        "lastModified": 1759548517,
        "narHash": "sha256-K56vjTUkQ/NdA6vq5942zUknPiCUbMByiEW540dR8R0=",
        "owner": "neovim",
        "repo": "nvim-lspconfig",
        "rev": "e688b486fe9291f151eae7e5c0b5a5c4ef980847",
        "type": "github"
      },
      "original": {
        "owner": "neovim",
        "repo": "nvim-lspconfig",
        "type": "github"
      }
    },
    "plugins-volt": {
      "flake": false,
      "locked": {
        "lastModified": 1749727664,
        "narHash": "sha256-szq/QBI2Y6DKeqBuJ8qA4LlGYnarLT6D/fvwepIgSVc=",
        "owner": "nvchad",
        "repo": "volt",
        "rev": "7b8c5e790120d9f08c8487dcb80692db6d2087a1",
        "type": "github"
      },
      "original": {
        "owner": "nvchad",
        "repo": "volt",
        "type": "github"
      }
    },
    "plugins-xcodebuild": {
      "flake": false,
      "locked": {
        "lastModified": 1756503214,
        "narHash": "sha256-cww3Pbw6pyJWhYdnAhiT7GG+O9O3VN0dTH2CtmlhZSs=",
        "owner": "wojciech-kulik",
        "repo": "xcodebuild.nvim",
        "rev": "a8b844187caacc7dfb78dd6a3ea99aed61e2f80f",
        "type": "github"
      },
      "original": {
        "owner": "wojciech-kulik",
        "repo": "xcodebuild.nvim",
        "type": "github"
      }
    },
    "root": {
      "inputs": {
        "nixCats": "nixCats",
        "nixpkgs": "nixpkgs",
        "plugins-fzf-lua": "plugins-fzf-lua",
        "plugins-fzf-lua-frecency": "plugins-fzf-lua-frecency",
        "plugins-nvim-lspconfig": "plugins-nvim-lspconfig",
        "plugins-volt": "plugins-volt",
        "plugins-xcodebuild": "plugins-xcodebuild"
      }
    }
  },
  "root": "root",
  "version": 7
}
